// !$*UTF8*$!
{
	archiveVersion = 1;
	classes = {
	};
	objectVersion = 46;
	objects = {

/* Begin PBXBuildFile section */
		20CA78221F4EA43D000DACA8 /* main.m in Sources */ = {isa = PBXBuildFile; fileRef = 20CA78211F4EA43D000DACA8 /* main.m */; };
		20CA78251F4EA43E000DACA8 /* AppDelegate.m in Sources */ = {isa = PBXBuildFile; fileRef = 20CA78241F4EA43E000DACA8 /* AppDelegate.m */; };
		20CA78281F4EA43E000DACA8 /* ViewController.m in Sources */ = {isa = PBXBuildFile; fileRef = 20CA78271F4EA43E000DACA8 /* ViewController.m */; };
		20CA782B1F4EA43E000DACA8 /* Main.storyboard in Resources */ = {isa = PBXBuildFile; fileRef = 20CA78291F4EA43E000DACA8 /* Main.storyboard */; };
		20CA782D1F4EA43E000DACA8 /* Assets.xcassets in Resources */ = {isa = PBXBuildFile; fileRef = 20CA782C1F4EA43E000DACA8 /* Assets.xcassets */; };
		20CA78301F4EA43E000DACA8 /* LaunchScreen.storyboard in Resources */ = {isa = PBXBuildFile; fileRef = 20CA782E1F4EA43E000DACA8 /* LaunchScreen.storyboard */; };
		20CA783B1F4EA43E000DACA8 /* LocationManagerWrapperTests.m in Sources */ = {isa = PBXBuildFile; fileRef = 20CA783A1F4EA43E000DACA8 /* LocationManagerWrapperTests.m */; };
		20CA78461F4EA43E000DACA8 /* LocationManagerWrapperUITests.m in Sources */ = {isa = PBXBuildFile; fileRef = 20CA78451F4EA43E000DACA8 /* LocationManagerWrapperUITests.m */; };
/* End PBXBuildFile section */

/* Begin PBXContainerItemProxy section */
		20CA78371F4EA43E000DACA8 /* PBXContainerItemProxy */ = {
			isa = PBXContainerItemProxy;
			containerPortal = 20CA78151F4EA43D000DACA8 /* Project object */;
			proxyType = 1;
			remoteGlobalIDString = 20CA781C1F4EA43D000DACA8;
			remoteInfo = LocationManagerWrapper;
		};
		20CA78421F4EA43E000DACA8 /* PBXContainerItemProxy */ = {
			isa = PBXContainerItemProxy;
			containerPortal = 20CA78151F4EA43D000DACA8 /* Project object */;
			proxyType = 1;
			remoteGlobalIDString = 20CA781C1F4EA43D000DACA8;
			remoteInfo = LocationManagerWrapper;
		};
/* End PBXContainerItemProxy section */

/* Begin PBXFileReference section */
		20CA781D1F4EA43D000DACA8 /* LocationManagerWrapper.app */ = {isa = PBXFileReference; explicitFileType = wrapper.application; includeInIndex = 0; path = LocationManagerWrapper.app; sourceTree = BUILT_PRODUCTS_DIR; };
		20CA78211F4EA43D000DACA8 /* main.m */ = {isa = PBXFileReference; lastKnownFileType = sourcecode.c.objc; path = main.m; sourceTree = "<group>"; };
		20CA78231F4EA43D000DACA8 /* AppDelegate.h */ = {isa = PBXFileReference; lastKnownFileType = sourcecode.c.h; path = AppDelegate.h; sourceTree = "<group>"; };
		20CA78241F4EA43E000DACA8 /* AppDelegate.m */ = {isa = PBXFileReference; lastKnownFileType = sourcecode.c.objc; path = AppDelegate.m; sourceTree = "<group>"; };
		20CA78261F4EA43E000DACA8 /* ViewController.h */ = {isa = PBXFileReference; lastKnownFileType = sourcecode.c.h; path = ViewController.h; sourceTree = "<group>"; };
		20CA78271F4EA43E000DACA8 /* ViewController.m */ = {isa = PBXFileReference; lastKnownFileType = sourcecode.c.objc; path = ViewController.m; sourceTree = "<group>"; };
		20CA782A1F4EA43E000DACA8 /* Base */ = {isa = PBXFileReference; lastKnownFileType = file.storyboard; name = Base; path = Base.lproj/Main.storyboard; sourceTree = "<group>"; };
		20CA782C1F4EA43E000DACA8 /* Assets.xcassets */ = {isa = PBXFileReference; lastKnownFileType = folder.assetcatalog; path = Assets.xcassets; sourceTree = "<group>"; };
		20CA782F1F4EA43E000DACA8 /* Base */ = {isa = PBXFileReference; lastKnownFileType = file.storyboard; name = Base; path = Base.lproj/LaunchScreen.storyboard; sourceTree = "<group>"; };
		20CA78311F4EA43E000DACA8 /* Info.plist */ = {isa = PBXFileReference; lastKnownFileType = text.plist.xml; path = Info.plist; sourceTree = "<group>"; };
		20CA78361F4EA43E000DACA8 /* LocationManagerWrapperTests.xctest */ = {isa = PBXFileReference; explicitFileType = wrapper.cfbundle; includeInIndex = 0; path = LocationManagerWrapperTests.xctest; sourceTree = BUILT_PRODUCTS_DIR; };
		20CA783A1F4EA43E000DACA8 /* LocationManagerWrapperTests.m */ = {isa = PBXFileReference; lastKnownFileType = sourcecode.c.objc; path = LocationManagerWrapperTests.m; sourceTree = "<group>"; };
		20CA783C1F4EA43E000DACA8 /* Info.plist */ = {isa = PBXFileReference; lastKnownFileType = text.plist.xml; path = Info.plist; sourceTree = "<group>"; };
		20CA78411F4EA43E000DACA8 /* LocationManagerWrapperUITests.xctest */ = {isa = PBXFileReference; explicitFileType = wrapper.cfbundle; includeInIndex = 0; path = LocationManagerWrapperUITests.xctest; sourceTree = BUILT_PRODUCTS_DIR; };
		20CA78451F4EA43E000DACA8 /* LocationManagerWrapperUITests.m */ = {isa = PBXFileReference; lastKnownFileType = sourcecode.c.objc; path = LocationManagerWrapperUITests.m; sourceTree = "<group>"; };
		20CA78471F4EA43E000DACA8 /* Info.plist */ = {isa = PBXFileReference; lastKnownFileType = text.plist.xml; path = Info.plist; sourceTree = "<group>"; };
/* End PBXFileReference section */

/* Begin PBXFrameworksBuildPhase section */
		20CA781A1F4EA43D000DACA8 /* Frameworks */ = {
			isa = PBXFrameworksBuildPhase;
			buildActionMask = 2147483647;
			files = (
			);
			runOnlyForDeploymentPostprocessing = 0;
		};
		20CA78331F4EA43E000DACA8 /* Frameworks */ = {
			isa = PBXFrameworksBuildPhase;
			buildActionMask = 2147483647;
			files = (
			);
			runOnlyForDeploymentPostprocessing = 0;
		};
		20CA783E1F4EA43E000DACA8 /* Frameworks */ = {
			isa = PBXFrameworksBuildPhase;
			buildActionMask = 2147483647;
			files = (
			);
			runOnlyForDeploymentPostprocessing = 0;
		};
/* End PBXFrameworksBuildPhase section */

/* Begin PBXGroup section */
		20CA78141F4EA43D000DACA8 = {
			isa = PBXGroup;
			children = (
				20CA781F1F4EA43D000DACA8 /* LocationManagerWrapper */,
				20CA78391F4EA43E000DACA8 /* LocationManagerWrapperTests */,
				20CA78441F4EA43E000DACA8 /* LocationManagerWrapperUITests */,
				20CA781E1F4EA43D000DACA8 /* Products */,
			);
			sourceTree = "<group>";
		};
		20CA781E1F4EA43D000DACA8 /* Products */ = {
			isa = PBXGroup;
			children = (
				20CA781D1F4EA43D000DACA8 /* LocationManagerWrapper.app */,
				20CA78361F4EA43E000DACA8 /* LocationManagerWrapperTests.xctest */,
				20CA78411F4EA43E000DACA8 /* LocationManagerWrapperUITests.xctest */,
			);
			name = Products;
			sourceTree = "<group>";
		};
		20CA781F1F4EA43D000DACA8 /* LocationManagerWrapper */ = {
			isa = PBXGroup;
			children = (
				20CA78231F4EA43D000DACA8 /* AppDelegate.h */,
				20CA78241F4EA43E000DACA8 /* AppDelegate.m */,
				20CA78261F4EA43E000DACA8 /* ViewController.h */,
				20CA78271F4EA43E000DACA8 /* ViewController.m */,
				20CA78291F4EA43E000DACA8 /* Main.storyboard */,
				20CA782C1F4EA43E000DACA8 /* Assets.xcassets */,
				20CA782E1F4EA43E000DACA8 /* LaunchScreen.storyboard */,
				20CA78311F4EA43E000DACA8 /* Info.plist */,
				20CA78201F4EA43D000DACA8 /* Supporting Files */,
			);
			path = LocationManagerWrapper;
			sourceTree = "<group>";
		};
		20CA78201F4EA43D000DACA8 /* Supporting Files */ = {
			isa = PBXGroup;
			children = (
				20CA78211F4EA43D000DACA8 /* main.m */,
			);
			name = "Supporting Files";
			sourceTree = "<group>";
		};
		20CA78391F4EA43E000DACA8 /* LocationManagerWrapperTests */ = {
			isa = PBXGroup;
			children = (
				20CA783A1F4EA43E000DACA8 /* LocationManagerWrapperTests.m */,
				20CA783C1F4EA43E000DACA8 /* Info.plist */,
			);
			path = LocationManagerWrapperTests;
			sourceTree = "<group>";
		};
		20CA78441F4EA43E000DACA8 /* LocationManagerWrapperUITests */ = {
			isa = PBXGroup;
			children = (
				20CA78451F4EA43E000DACA8 /* LocationManagerWrapperUITests.m */,
				20CA78471F4EA43E000DACA8 /* Info.plist */,
			);
			path = LocationManagerWrapperUITests;
			sourceTree = "<group>";
		};
/* End PBXGroup section */

/* Begin PBXNativeTarget section */
		20CA781C1F4EA43D000DACA8 /* LocationManagerWrapper */ = {
			isa = PBXNativeTarget;
			buildConfigurationList = 20CA784A1F4EA43E000DACA8 /* Build configuration list for PBXNativeTarget "LocationManagerWrapper" */;
			buildPhases = (
				20CA78191F4EA43D000DACA8 /* Sources */,
				20CA781A1F4EA43D000DACA8 /* Frameworks */,
				20CA781B1F4EA43D000DACA8 /* Resources */,
			);
			buildRules = (
			);
			dependencies = (
			);
			name = LocationManagerWrapper;
			productName = LocationManagerWrapper;
			productReference = 20CA781D1F4EA43D000DACA8 /* LocationManagerWrapper.app */;
			productType = "com.apple.product-type.application";
		};
		20CA78351F4EA43E000DACA8 /* LocationManagerWrapperTests */ = {
			isa = PBXNativeTarget;
			buildConfigurationList = 20CA784D1F4EA43E000DACA8 /* Build configuration list for PBXNativeTarget "LocationManagerWrapperTests" */;
			buildPhases = (
				20CA78321F4EA43E000DACA8 /* Sources */,
				20CA78331F4EA43E000DACA8 /* Frameworks */,
				20CA78341F4EA43E000DACA8 /* Resources */,
			);
			buildRules = (
			);
			dependencies = (
				20CA78381F4EA43E000DACA8 /* PBXTargetDependency */,
			);
			name = LocationManagerWrapperTests;
			productName = LocationManagerWrapperTests;
			productReference = 20CA78361F4EA43E000DACA8 /* LocationManagerWrapperTests.xctest */;
			productType = "com.apple.product-type.bundle.unit-test";
		};
		20CA78401F4EA43E000DACA8 /* LocationManagerWrapperUITests */ = {
			isa = PBXNativeTarget;
			buildConfigurationList = 20CA78501F4EA43E000DACA8 /* Build configuration list for PBXNativeTarget "LocationManagerWrapperUITests" */;
			buildPhases = (
				20CA783D1F4EA43E000DACA8 /* Sources */,
				20CA783E1F4EA43E000DACA8 /* Frameworks */,
				20CA783F1F4EA43E000DACA8 /* Resources */,
			);
			buildRules = (
			);
			dependencies = (
				20CA78431F4EA43E000DACA8 /* PBXTargetDependency */,
			);
			name = LocationManagerWrapperUITests;
			productName = LocationManagerWrapperUITests;
			productReference = 20CA78411F4EA43E000DACA8 /* LocationManagerWrapperUITests.xctest */;
			productType = "com.apple.product-type.bundle.ui-testing";
		};
/* End PBXNativeTarget section */

/* Begin PBXProject section */
		20CA78151F4EA43D000DACA8 /* Project object */ = {
			isa = PBXProject;
			attributes = {
				LastUpgradeCheck = 0830;
				ORGANIZATIONNAME = cnbmsmart;
				TargetAttributes = {
					20CA781C1F4EA43D000DACA8 = {
						CreatedOnToolsVersion = 8.3.3;
						DevelopmentTeam = S69MVL5JLT;
						ProvisioningStyle = Automatic;
					};
					20CA78351F4EA43E000DACA8 = {
						CreatedOnToolsVersion = 8.3.3;
						DevelopmentTeam = S69MVL5JLT;
						ProvisioningStyle = Automatic;
						TestTargetID = 20CA781C1F4EA43D000DACA8;
					};
					20CA78401F4EA43E000DACA8 = {
						CreatedOnToolsVersion = 8.3.3;
						DevelopmentTeam = S69MVL5JLT;
						ProvisioningStyle = Automatic;
						TestTargetID = 20CA781C1F4EA43D000DACA8;
					};
				};
			};
			buildConfigurationList = 20CA78181F4EA43D000DACA8 /* Build configuration list for PBXProject "LocationManagerWrapper" */;
			compatibilityVersion = "Xcode 3.2";
			developmentRegion = English;
			hasScannedForEncodings = 0;
			knownRegions = (
				en,
				Base,
			);
			mainGroup = 20CA78141F4EA43D000DACA8;
			productRefGroup = 20CA781E1F4EA43D000DACA8 /* Products */;
			projectDirPath = "";
			projectRoot = "";
			targets = (
				20CA781C1F4EA43D000DACA8 /* LocationManagerWrapper */,
				20CA78351F4EA43E000DACA8 /* LocationManagerWrapperTests */,
				20CA78401F4EA43E000DACA8 /* LocationManagerWrapperUITests */,
			);
		};
/* End PBXProject section */

/* Begin PBXResourcesBuildPhase section */
		20CA781B1F4EA43D000DACA8 /* Resources */ = {
			isa = PBXResourcesBuildPhase;
			buildActionMask = 2147483647;
			files = (
				20CA78301F4EA43E000DACA8 /* LaunchScreen.storyboard in Resources */,
				20CA782D1F4EA43E000DACA8 /* Assets.xcassets in Resources */,
				20CA782B1F4EA43E000DACA8 /* Main.storyboard in Resources */,
			);
			runOnlyForDeploymentPostprocessing = 0;
		};
		20CA78341F4EA43E000DACA8 /* Resources */ = {
			isa = PBXResourcesBuildPhase;
			buildActionMask = 2147483647;
			files = (
			);
			runOnlyForDeploymentPostprocessing = 0;
		};
		20CA783F1F4EA43E000DACA8 /* Resources */ = {
			isa = PBXResourcesBuildPhase;
			buildActionMask = 2147483647;
			files = (
			);
			runOnlyForDeploymentPostprocessing = 0;
		};
/* End PBXResourcesBuildPhase section */

/* Begin PBXSourcesBuildPhase section */
		20CA78191F4EA43D000DACA8 /* Sources */ = {
			isa = PBXSourcesBuildPhase;
			buildActionMask = 2147483647;
			files = (
				20CA78281F4EA43E000DACA8 /* ViewController.m in Sources */,
				20CA78251F4EA43E000DACA8 /* AppDelegate.m in Sources */,
				20CA78221F4EA43D000DACA8 /* main.m in Sources */,
			);
			runOnlyForDeploymentPostprocessing = 0;
		};
		20CA78321F4EA43E000DACA8 /* Sources */ = {
			isa = PBXSourcesBuildPhase;
			buildActionMask = 2147483647;
			files = (
				20CA783B1F4EA43E000DACA8 /* LocationManagerWrapperTests.m in Sources */,
			);
			runOnlyForDeploymentPostprocessing = 0;
		};
		20CA783D1F4EA43E000DACA8 /* Sources */ = {
			isa = PBXSourcesBuildPhase;
			buildActionMask = 2147483647;
			files = (
				20CA78461F4EA43E000DACA8 /* LocationManagerWrapperUITests.m in Sources */,
			);
			runOnlyForDeploymentPostprocessing = 0;
		};
/* End PBXSourcesBuildPhase section */

/* Begin PBXTargetDependency section */
		20CA78381F4EA43E000DACA8 /* PBXTargetDependency */ = {
			isa = PBXTargetDependency;
			target = 20CA781C1F4EA43D000DACA8 /* LocationManagerWrapper */;
			targetProxy = 20CA78371F4EA43E000DACA8 /* PBXContainerItemProxy */;
		};
		20CA78431F4EA43E000DACA8 /* PBXTargetDependency */ = {
			isa = PBXTargetDependency;
			target = 20CA781C1F4EA43D000DACA8 /* LocationManagerWrapper */;
			targetProxy = 20CA78421F4EA43E000DACA8 /* PBXContainerItemProxy */;
		};
/* End PBXTargetDependency section */

/* Begin PBXVariantGroup section */
		20CA78291F4EA43E000DACA8 /* Main.storyboard */ = {
			isa = PBXVariantGroup;
			children = (
				20CA782A1F4EA43E000DACA8 /* Base */,
			);
			name = Main.storyboard;
			sourceTree = "<group>";
		};
		20CA782E1F4EA43E000DACA8 /* LaunchScreen.storyboard */ = {
			isa = PBXVariantGroup;
			children = (
				20CA782F1F4EA43E000DACA8 /* Base */,
			);
			name = LaunchScreen.storyboard;
			sourceTree = "<group>";
		};
/* End PBXVariantGroup section */

/* Begin XCBuildConfiguration section */
		20CA78481F4EA43E000DACA8 /* Debug */ = {
			isa = XCBuildConfiguration;
			buildSettings = {
				ALWAYS_SEARCH_USER_PATHS = NO;
				CLANG_ANALYZER_NONNULL = YES;
				CLANG_ANALYZER_NUMBER_OBJECT_CONVERSION = YES_AGGRESSIVE;
				CLANG_CXX_LANGUAGE_STANDARD = "gnu++0x";
				CLANG_CXX_LIBRARY = "libc++";
				CLANG_ENABLE_MODULES = YES;
				CLANG_ENABLE_OBJC_ARC = YES;
				CLANG_WARN_BOOL_CONVERSION = YES;
				CLANG_WARN_CONSTANT_CONVERSION = YES;
				CLANG_WARN_DIRECT_OBJC_ISA_USAGE = YES_ERROR;
				CLANG_WARN_DOCUMENTATION_COMMENTS = YES;
				CLANG_WARN_EMPTY_BODY = YES;
				CLANG_WARN_ENUM_CONVERSION = YES;
				CLANG_WARN_INFINITE_RECURSION = YES;
				CLANG_WARN_INT_CONVERSION = YES;
				CLANG_WARN_OBJC_ROOT_CLASS = YES_ERROR;
				CLANG_WARN_SUSPICIOUS_MOVE = YES;
				CLANG_WARN_UNREACHABLE_CODE = YES;
				CLANG_WARN__DUPLICATE_METHOD_MATCH = YES;
				"CODE_SIGN_IDENTITY[sdk=iphoneos*]" = "iPhone Developer";
				COPY_PHASE_STRIP = NO;
				DEBUG_INFORMATION_FORMAT = dwarf;
				ENABLE_STRICT_OBJC_MSGSEND = YES;
				ENABLE_TESTABILITY = YES;
				GCC_C_LANGUAGE_STANDARD = gnu99;
				GCC_DYNAMIC_NO_PIC = NO;
				GCC_NO_COMMON_BLOCKS = YES;
				GCC_OPTIMIZATION_LEVEL = 0;
				GCC_PREPROCESSOR_DEFINITIONS = (
					"DEBUG=1",
					"$(inherited)",
				);
				GCC_WARN_64_TO_32_BIT_CONVERSION = YES;
				GCC_WARN_ABOUT_RETURN_TYPE = YES_ERROR;
				GCC_WARN_UNDECLARED_SELECTOR = YES;
				GCC_WARN_UNINITIALIZED_AUTOS = YES_AGGRESSIVE;
				GCC_WARN_UNUSED_FUNCTION = YES;
				GCC_WARN_UNUSED_VARIABLE = YES;
				IPHONEOS_DEPLOYMENT_TARGET = 10.3;
				MTL_ENABLE_DEBUG_INFO = YES;
				ONLY_ACTIVE_ARCH = YES;
				SDKROOT = iphoneos;
			};
			name = Debug;
		};
		20CA78491F4EA43E000DACA8 /* Release */ = {
			isa = XCBuildConfiguration;
			buildSettings = {
				ALWAYS_SEARCH_USER_PATHS = NO;
				CLANG_ANALYZER_NONNULL = YES;
				CLANG_ANALYZER_NUMBER_OBJECT_CONVERSION = YES_AGGRESSIVE;
				CLANG_CXX_LANGUAGE_STANDARD = "gnu++0x";
				CLANG_CXX_LIBRARY = "libc++";
				CLANG_ENABLE_MODULES = YES;
				CLANG_ENABLE_OBJC_ARC = YES;
				CLANG_WARN_BOOL_CONVERSION = YES;
				CLANG_WARN_CONSTANT_CONVERSION = YES;
				CLANG_WARN_DIRECT_OBJC_ISA_USAGE = YES_ERROR;
				CLANG_WARN_DOCUMENTATION_COMMENTS = YES;
				CLANG_WARN_EMPTY_BODY = YES;
				CLANG_WARN_ENUM_CONVERSION = YES;
				CLANG_WARN_INFINITE_RECURSION = YES;
				CLANG_WARN_INT_CONVERSION = YES;
				CLANG_WARN_OBJC_ROOT_CLASS = YES_ERROR;
				CLANG_WARN_SUSPICIOUS_MOVE = YES;
				CLANG_WARN_UNREACHABLE_CODE = YES;
				CLANG_WARN__DUPLICATE_METHOD_MATCH = YES;
				"CODE_SIGN_IDENTITY[sdk=iphoneos*]" = "iPhone Developer";
				COPY_PHASE_STRIP = NO;
				DEBUG_INFORMATION_FORMAT = "dwarf-with-dsym";
				ENABLE_NS_ASSERTIONS = NO;
				ENABLE_STRICT_OBJC_MSGSEND = YES;
				GCC_C_LANGUAGE_STANDARD = gnu99;
				GCC_NO_COMMON_BLOCKS = YES;
				GCC_WARN_64_TO_32_BIT_CONVERSION = YES;
				GCC_WARN_ABOUT_RETURN_TYPE = YES_ERROR;
				GCC_WARN_UNDECLARED_SELECTOR = YES;
				GCC_WARN_UNINITIALIZED_AUTOS = YES_AGGRESSIVE;
				GCC_WARN_UNUSED_FUNCTION = YES;
				GCC_WARN_UNUSED_VARIABLE = YES;
				IPHONEOS_DEPLOYMENT_TARGET = 10.3;
				MTL_ENABLE_DEBUG_INFO = NO;
				SDKROOT = iphoneos;
				VALIDATE_PRODUCT = YES;
			};
			name = Release;
		};
		20CA784B1F4EA43E000DACA8 /* Debug */ = {
			isa = XCBuildConfiguration;
			buildSettings = {
				ASSETCATALOG_COMPILER_APPICON_NAME = AppIcon;
				DEVELOPMENT_TEAM = S69MVL5JLT;
				INFOPLIST_FILE = LocationManagerWrapper/Info.plist;
				LD_RUNPATH_SEARCH_PATHS = "$(inherited) @executable_path/Frameworks";
				PRODUCT_BUNDLE_IDENTIFIER = com.cnbm.LocationManagerWrapper;
				PRODUCT_NAME = "$(TARGET_NAME)";
			};
			name = Debug;
		};
		20CA784C1F4EA43E000DACA8 /* Release */ = {
			isa = XCBuildConfiguration;
			buildSettings = {
				ASSETCATALOG_COMPILER_APPICON_NAME = AppIcon;
				DEVELOPMENT_TEAM = S69MVL5JLT;
				INFOPLIST_FILE = LocationManagerWrapper/Info.plist;
				LD_RUNPATH_SEARCH_PATHS = "$(inherited) @executable_path/Frameworks";
				PRODUCT_BUNDLE_IDENTIFIER = com.cnbm.LocationManagerWrapper;
				PRODUCT_NAME = "$(TARGET_NAME)";
			};
			name = Release;
		};
		20CA784E1F4EA43E000DACA8 /* Debug */ = {
			isa = XCBuildConfiguration;
			buildSettings = {
				BUNDLE_LOADER = "$(TEST_HOST)";
				DEVELOPMENT_TEAM = S69MVL5JLT;
				INFOPLIST_FILE = LocationManagerWrapperTests/Info.plist;
				LD_RUNPATH_SEARCH_PATHS = "$(inherited) @executable_path/Frameworks @loader_path/Frameworks";
				PRODUCT_BUNDLE_IDENTIFIER = com.cnbm.LocationManagerWrapperTests;
				PRODUCT_NAME = "$(TARGET_NAME)";
				TEST_HOST = "$(BUILT_PRODUCTS_DIR)/LocationManagerWrapper.app/LocationManagerWrapper";
			};
			name = Debug;
		};
		20CA784F1F4EA43E000DACA8 /* Release */ = {
			isa = XCBuildConfiguration;
			buildSettings = {
				BUNDLE_LOADER = "$(TEST_HOST)";
				DEVELOPMENT_TEAM = S69MVL5JLT;
				INFOPLIST_FILE = LocationManagerWrapperTests/Info.plist;
				LD_RUNPATH_SEARCH_PATHS = "$(inherited) @executable_path/Frameworks @loader_path/Frameworks";
				PRODUCT_BUNDLE_IDENTIFIER = com.cnbm.LocationManagerWrapperTests;
				PRODUCT_NAME = "$(TARGET_NAME)";
				TEST_HOST = "$(BUILT_PRODUCTS_DIR)/LocationManagerWrapper.app/LocationManagerWrapper";
			};
			name = Release;
		};
		20CA78511F4EA43E000DACA8 /* Debug */ = {
			isa = XCBuildConfiguration;
			buildSettings = {
				DEVELOPMENT_TEAM = S69MVL5JLT;
				INFOPLIST_FILE = LocationManagerWrapperUITests/Info.plist;
				LD_RUNPATH_SEARCH_PATHS = "$(inherited) @executable_path/Frameworks @loader_path/Frameworks";
				PRODUCT_BUNDLE_IDENTIFIER = com.cnbm.LocationManagerWrapperUITests;
				PRODUCT_NAME = "$(TARGET_NAME)";
				TEST_TARGET_NAME = LocationManagerWrapper;
			};
			name = Debug;
		};
		20CA78521F4EA43E000DACA8 /* Release */ = {
			isa = XCBuildConfiguration;
			buildSettings = {
				DEVELOPMENT_TEAM = S69MVL5JLT;
				INFOPLIST_FILE = LocationManagerWrapperUITests/Info.plist;
				LD_RUNPATH_SEARCH_PATHS = "$(inherited) @executable_path/Frameworks @loader_path/Frameworks";
				PRODUCT_BUNDLE_IDENTIFIER = com.cnbm.LocationManagerWrapperUITests;
				PRODUCT_NAME = "$(TARGET_NAME)";
				TEST_TARGET_NAME = LocationManagerWrapper;
			};
			name = Release;
		};
/* End XCBuildConfiguration section */

/* Begin XCConfigurationList section */
		20CA78181F4EA43D000DACA8 /* Build configuration list for PBXProject "LocationManagerWrapper" */ = {
			isa = XCConfigurationList;
			buildConfigurations = (
				20CA78481F4EA43E000DACA8 /* Debug */,
				20CA78491F4EA43E000DACA8 /* Release */,
			);
			defaultConfigurationIsVisible = 0;
			defaultConfigurationName = Release;
		};
		20CA784A1F4EA43E000DACA8 /* Build configuration list for PBXNativeTarget "LocationManagerWrapper" */ = {
			isa = XCConfigurationList;
			buildConfigurations = (
				20CA784B1F4EA43E000DACA8 /* Debug */,
				20CA784C1F4EA43E000DACA8 /* Release */,
			);
			defaultConfigurationIsVisible = 0;
		};
		20CA784D1F4EA43E000DACA8 /* Build configuration list for PBXNativeTarget "LocationManagerWrapperTests" */ = {
			isa = XCConfigurationList;
			buildConfigurations = (
				20CA784E1F4EA43E000DACA8 /* Debug */,
				20CA784F1F4EA43E000DACA8 /* Release */,
			);
			defaultConfigurationIsVisible = 0;
		};
		20CA78501F4EA43E000DACA8 /* Build configuration list for PBXNativeTarget "LocationManagerWrapperUITests" */ = {
			isa = XCConfigurationList;
			buildConfigurations = (
				20CA78511F4EA43E000DACA8 /* Debug */,
				20CA78521F4EA43E000DACA8 /* Release */,
			);
			defaultConfigurationIsVisible = 0;
		};
/* End XCConfigurationList section */
	};
	rootObject = 20CA78151F4EA43D000DACA8 /* Project object */;
}
